
Microsoft Visual Studio Solution File, Format Version 11.00
# Visual Studio 2010
Project("{FAE04EC0-301F-11D3-BF4B-00C04F79EFBC}") = "Assembly-CSharp-firstpass", "Assembly-CSharp-firstpass.csproj", "{A493113C-E920-0CCE-0011-1CB04ABDBD1D}"
EndProject
Project("{FAE04EC0-301F-11D3-BF4B-00C04F79EFBC}") = "Assembly-CSharp", "Assembly-CSharp.csproj", "{AA5DD8E4-5299-077F-8573-E8D5FADEAA4F}"
EndProject
Project("{FAE04EC0-301F-11D3-BF4B-00C04F79EFBC}") = "Assembly-CSharp-Editor-firstpass", "Assembly-CSharp-Editor-firstpass.csproj", "{8714CD9C-C66C-22A5-4EEF-FE1D58617239}"
EndProject
Global
	GlobalSection(SolutionConfigurationPlatforms) = preSolution
		Debug|Any CPU = Debug|Any CPU
		Release|Any CPU = Release|Any CPU
	EndGlobalSection
	GlobalSection(ProjectConfigurationPlatforms) = postSolution
		{A493113C-E920-0CCE-0011-1CB04ABDBD1D}.Debug|Any CPU.ActiveCfg = Debug|Any CPU
		{A493113C-E920-0CCE-0011-1CB04ABDBD1D}.Debug|Any CPU.Build.0 = Debug|Any CPU
		{A493113C-E920-0CCE-0011-1CB04ABDBD1D}.Release|Any CPU.ActiveCfg = Release|Any CPU
		{A493113C-E920-0CCE-0011-1CB04ABDBD1D}.Release|Any CPU.Build.0 = Release|Any CPU
		{AA5DD8E4-5299-077F-8573-E8D5FADEAA4F}.Debug|Any CPU.ActiveCfg = Debug|Any CPU
		{AA5DD8E4-5299-077F-8573-E8D5FADEAA4F}.Debug|Any CPU.Build.0 = Debug|Any CPU
		{AA5DD8E4-5299-077F-8573-E8D5FADEAA4F}.Release|Any CPU.ActiveCfg = Release|Any CPU
		{AA5DD8E4-5299-077F-8573-E8D5FADEAA4F}.Release|Any CPU.Build.0 = Release|Any CPU
		{8714CD9C-C66C-22A5-4EEF-FE1D58617239}.Debug|Any CPU.ActiveCfg = Debug|Any CPU
		{8714CD9C-C66C-22A5-4EEF-FE1D58617239}.Debug|Any CPU.Build.0 = Debug|Any CPU
		{8714CD9C-C66C-22A5-4EEF-FE1D58617239}.Release|Any CPU.ActiveCfg = Release|Any CPU
		{8714CD9C-C66C-22A5-4EEF-FE1D58617239}.Release|Any CPU.Build.0 = Release|Any CPU
	EndGlobalSection
	GlobalSection(SolutionProperties) = preSolution
		HideSolutionNode = FALSE
	EndGlobalSection
EndGlobal
