
Microsoft Visual Studio Solution File, Format Version 11.00
# Visual Studio 2010
Project("{FAE04EC0-301F-11D3-BF4B-00C04F79EFBC}") = "Assembly-CSharp", "Assembly-CSharp.csproj", "{582E405F-4F1D-D2B0-4298-EC3118785DAB}"
EndProject
Project("{FAE04EC0-301F-11D3-BF4B-00C04F79EFBC}") = "Assembly-CSharp-firstpass", "Assembly-CSharp-firstpass.csproj", "{3E4D52FE-A126-774E-4494-DCE19B9C1154}"
EndProject
Project("{FAE04EC0-301F-11D3-BF4B-00C04F79EFBC}") = "Assembly-CSharp-Editor-firstpass", "Assembly-CSharp-Editor-firstpass.csproj", "{50C9EB3C-C02C-0480-5202-2EFCF1854800}"
EndProject
Global
	GlobalSection(SolutionConfigurationPlatforms) = preSolution
		Debug|Any CPU = Debug|Any CPU
		Release|Any CPU = Release|Any CPU
	EndGlobalSection
	GlobalSection(ProjectConfigurationPlatforms) = postSolution
		{582E405F-4F1D-D2B0-4298-EC3118785DAB}.Debug|Any CPU.ActiveCfg = Debug|Any CPU
		{582E405F-4F1D-D2B0-4298-EC3118785DAB}.Debug|Any CPU.Build.0 = Debug|Any CPU
		{582E405F-4F1D-D2B0-4298-EC3118785DAB}.Release|Any CPU.ActiveCfg = Release|Any CPU
		{582E405F-4F1D-D2B0-4298-EC3118785DAB}.Release|Any CPU.Build.0 = Release|Any CPU
		{3E4D52FE-A126-774E-4494-DCE19B9C1154}.Debug|Any CPU.ActiveCfg = Debug|Any CPU
		{3E4D52FE-A126-774E-4494-DCE19B9C1154}.Debug|Any CPU.Build.0 = Debug|Any CPU
		{3E4D52FE-A126-774E-4494-DCE19B9C1154}.Release|Any CPU.ActiveCfg = Release|Any CPU
		{3E4D52FE-A126-774E-4494-DCE19B9C1154}.Release|Any CPU.Build.0 = Release|Any CPU
		{50C9EB3C-C02C-0480-5202-2EFCF1854800}.Debug|Any CPU.ActiveCfg = Debug|Any CPU
		{50C9EB3C-C02C-0480-5202-2EFCF1854800}.Debug|Any CPU.Build.0 = Debug|Any CPU
		{50C9EB3C-C02C-0480-5202-2EFCF1854800}.Release|Any CPU.ActiveCfg = Release|Any CPU
		{50C9EB3C-C02C-0480-5202-2EFCF1854800}.Release|Any CPU.Build.0 = Release|Any CPU
	EndGlobalSection
	GlobalSection(SolutionProperties) = preSolution
		HideSolutionNode = FALSE
	EndGlobalSection
EndGlobal
